# THIS IS AN AUTOGENERATED FILE. DO NOT EDIT THIS FILE DIRECTLY.
# yarn lockfile v1


monaco-editor@^0.33.0:
  version "0.33.0"
  resolved "https://registry.yarnpkg.com/monaco-editor/-/monaco-editor-0.33.0.tgz#842e244f3750a2482f8a29c676b5684e75ff34af"
  integrity sha512-VcRWPSLIUEgQJQIE0pVT8FcGBIgFoxz7jtqctE+IiCxWugD0DwgyQBcZBhdSrdMC84eumoqMZsGl2GTreOzwqw==
